{
  "name": "ajs-3-1",
  "version": "1.0.0",
  "lockfileVersion": 2,
  "requires": true,
  "packages": {
    "": {
      "name": "ajs-3-1",
      "version": "1.0.0",
      "license": "ISC",
      "dependencies": {
        "@gto1103/ajs-3": "^1.0.0"
      }
    },
    "node_modules/@gto1103/ajs-3": {
      "version": "1.0.0",
      "resolved": "https://npm.pkg.github.com/download/@gto1103/ajs-3/1.0.0/e4029bbff12de8cecb505b545cfb3fe64bc0a45c088a07e240e7559c2d36aea1",
      "integrity": "sha512-R4VCzJdQDO9Ggw3LdOL0TueY3iwqiM0nxQDKaFyL6O6kS5MlScvLH7du6gP9L0fIWvmZOO/OzSJWEDutHUvsBg==",
      "license": "ISC"
    }
  },
  "dependencies": {
    "@gto1103/ajs-3": {
      "version": "1.0.0",
      "resolved": "https://npm.pkg.github.com/download/@gto1103/ajs-3/1.0.0/e4029bbff12de8cecb505b545cfb3fe64bc0a45c088a07e240e7559c2d36aea1",
      "integrity": "sha512-R4VCzJdQDO9Ggw3LdOL0TueY3iwqiM0nxQDKaFyL6O6kS5MlScvLH7du6gP9L0fIWvmZOO/OzSJWEDutHUvsBg=="
    }
  }
}
